{
  "name": "model-bridge",
  "version": "0.1.0",
  "lockfileVersion": 3,
  "requires": true,
  "packages": {
    "": {
      "name": "model-bridge",
      "version": "0.1.0",
      "license": "MIT",
      "workspaces": [
        "packages/*",
        "channels/*"
      ],
      "engines": {
        "node": ">=22.6"
      }
    },
    "channels/catpaw": {
      "name": "catpaw-bridge",
      "version": "0.4.0",
      "license": "MIT",
      "dependencies": {
        "@model-bridge/gateway": "*"
      },
      "bin": {
        "catpaw": "dist/cli.js",
        "catpaw-bridge": "dist/cli.js"
      },
      "devDependencies": {
        "@types/node": "^22.10.0",
        "typescript": "^5.9.2"
      },
      "engines": {
        "node": ">=22.6"
      }
    },
    "channels/cline": {
      "name": "cline-bridge",
      "version": "0.1.0",
      "license": "MIT",
      "dependencies": {
        "@model-bridge/gateway": "*"
      },
      "bin": {
        "cline": "dist/cli.js"
      },
      "devDependencies": {
        "@types/node": "^22.10.0",
        "typescript": "^5.9.2"
      },
      "engines": {
        "node": ">=22.6"
      }
    },
    "channels/codearts": {
      "name": "codearts-bridge",
      "version": "0.1.0",
      "license": "MIT",
      "dependencies": {
        "@model-bridge/gateway": "*"
      },
      "bin": {
        "codearts": "dist/cli.js"
      },
      "devDependencies": {
        "@types/node": "^22.10.0",
        "typescript": "^5.9.2"
      },
      "engines": {
        "node": ">=22.6"
      }
    },
    "channels/gemini": {
      "name": "gemini-bridge",
      "version": "0.1.0",
      "license": "MIT",
      "dependencies": {
        "@model-bridge/gateway": "*"
      },
      "bin": {
        "gemini": "dist/cli.js"
      },
      "devDependencies": {
        "@types/node": "^22.10.0",
        "typescript": "^5.9.2"
      },
      "engines": {
        "node": ">=22.6"
      }
    },
    "channels/lobsterai": {
      "name": "lobsterai-bridge",
      "version": "0.1.0",
      "license": "MIT",
      "dependencies": {
        "@model-bridge/gateway": "*"
      },
      "bin": {
        "lobsterai": "dist/cli.js"
      },
      "devDependencies": {
        "@types/node": "^22.10.0",
        "typescript": "^5.9.2"
      },
      "engines": {
        "node": ">=22.6"
      }
    },
    "channels/loomy": {
      "name": "loomy-bridge",
      "version": "0.1.0",
      "license": "MIT",
      "dependencies": {
        "@model-bridge/gateway": "*"
      },
      "bin": {
        "loomy": "dist/cli.js"
      },
      "devDependencies": {
        "@types/node": "^22.10.0",
        "typescript": "^5.9.2"
      },
      "engines": {
        "node": ">=22.6"
      }
    },
    "channels/minimax": {
      "name": "minimax-bridge",
      "version": "0.1.0",
      "license": "MIT",
      "dependencies": {
        "@model-bridge/gateway": "*"
      },
      "bin": {
        "minimax": "dist/cli.js"
      },
      "devDependencies": {
        "@types/node": "^22.10.0",
        "typescript": "^5.9.2"
      },
      "engines": {
        "node": ">=22.6"
      }
    },
    "channels/qoder": {
      "name": "qoder-bridge",
      "version": "0.1.0",
      "license": "MIT",
      "dependencies": {
        "@model-bridge/gateway": "*"
      },
      "bin": {
        "qoder": "dist/cli.js"
      },
      "devDependencies": {
        "@types/node": "^22.10.0",
        "typescript": "^5.9.2"
      },
      "engines": {
        "node": ">=22.6"
      }
    },
    "channels/raccoon": {
      "name": "raccoon-bridge",
      "version": "0.1.0",
      "license": "MIT",
      "dependencies": {
        "@model-bridge/gateway": "*"
      },
      "bin": {
        "raccoon": "dist/cli.js"
      },
      "devDependencies": {
        "@types/node": "^22.10.0",
        "typescript": "^5.9.2"
      },
      "engines": {
        "node": ">=22.6"
      }
    },
    "channels/trae": {
      "name": "trae-bridge",
      "version": "0.1.0",
      "license": "MIT",
      "dependencies": {
        "@model-bridge/gateway": "*"
      },
      "bin": {
        "trae": "dist/cli.js"
      },
      "devDependencies": {
        "@types/node": "^22.10.0",
        "typescript": "^5.9.2"
      },
      "engines": {
        "node": ">=22.6"
      }
    },
    "channels/workbuddy": {
      "name": "workbuddy-bridge",
      "version": "0.1.0",
      "license": "MIT",
      "dependencies": {
        "@model-bridge/gateway": "*"
      },
      "bin": {
        "workbuddy": "dist/cli.js"
      },
      "devDependencies": {
        "@types/node": "^22.10.0",
        "typescript": "^5.9.2"
      },
      "engines": {
        "node": ">=22.6"
      }
    },
    "channels/workbuddyai": {
      "name": "workbuddyai-bridge",
      "version": "0.4.0",
      "license": "MIT",
      "dependencies": {
        "@model-bridge/gateway": "*"
      },
      "bin": {
        "workbuddyai": "dist/cli.js"
      },
      "devDependencies": {
        "@types/node": "^22.10.0",
        "typescript": "^5.9.2"
      },
      "engines": {
        "node": ">=22.6"
      }
    },
    "node_modules/@model-bridge/cli": {
      "resolved": "packages/cli",
      "link": true
    },
    "node_modules/@model-bridge/gateway": {
      "resolved": "packages/gateway",
      "link": true
    },
    "node_modules/@types/node": {
      "version": "22.20.5",
      "resolved": "https://registry.npmmirror.com/@types/node/-/node-22.20.5.tgz",
      "integrity": "sha512-U2+DNr+wSjpsTS/wZGYHq7GcwfuSmKiKvoPvK22zwTlRhU91yOniN4qRR5KhIjvif7ysw/dz/hKmfDH0Ris4aA==",
      "dev": true,
      "license": "MIT",
      "dependencies": {
        "undici-types": "~6.21.0"
      }
    },
    "node_modules/catpaw-bridge": {
      "resolved": "channels/catpaw",
      "link": true
    },
    "node_modules/cline-bridge": {
      "resolved": "channels/cline",
      "link": true
    },
    "node_modules/codearts-bridge": {
      "resolved": "channels/codearts",
      "link": true
    },
    "node_modules/gemini-bridge": {
      "resolved": "channels/gemini",
      "link": true
    },
    "node_modules/lobsterai-bridge": {
      "resolved": "channels/lobsterai",
      "link": true
    },
    "node_modules/loomy-bridge": {
      "resolved": "channels/loomy",
      "link": true
    },
    "node_modules/minimax-bridge": {
      "resolved": "channels/minimax",
      "link": true
    },
    "node_modules/qoder-bridge": {
      "resolved": "channels/qoder",
      "link": true
    },
    "node_modules/raccoon-bridge": {
      "resolved": "channels/raccoon",
      "link": true
    },
    "node_modules/trae-bridge": {
      "resolved": "channels/trae",
      "link": true
    },
    "node_modules/typescript": {
      "version": "5.9.3",
      "resolved": "https://registry.npmmirror.com/typescript/-/typescript-5.9.3.tgz",
      "integrity": "sha512-jl1vZzPDinLr9eUt3J/t7V6FgNEw9QjvBPdysz9KfQDD41fQrC2Y4vKQdiaUpFT4bXlb1RHhLpp8wtm6M5TgSw==",
      "dev": true,
      "license": "Apache-2.0",
      "bin": {
        "tsc": "bin/tsc",
        "tsserver": "bin/tsserver"
      },
      "engines": {
        "node": ">=14.17"
      }
    },
    "node_modules/undici-types": {
      "version": "6.21.0",
      "resolved": "https://registry.npmmirror.com/undici-types/-/undici-types-6.21.0.tgz",
      "integrity": "sha512-iwDZqg0QAGrg9Rav5H4n0M64c3mkR59cJ6wQp+7C4nI0gsmExaedaYLNO44eT4AtBBwjbTiGPMlt2Md0T9H9JQ==",
      "dev": true,
      "license": "MIT"
    },
    "node_modules/workbuddy-bridge": {
      "resolved": "channels/workbuddy",
      "link": true
    },
    "node_modules/workbuddyai-bridge": {
      "resolved": "channels/workbuddyai",
      "link": true
    },
    "packages/cli": {
      "name": "@model-bridge/cli",
      "version": "0.1.0",
      "license": "MIT",
      "dependencies": {
        "@model-bridge/gateway": "*",
        "catpaw-bridge": "*",
        "cline-bridge": "*",
        "codearts-bridge": "*",
        "gemini-bridge": "*",
        "lobsterai-bridge": "*",
        "loomy-bridge": "*",
        "minimax-bridge": "*",
        "qoder-bridge": "*",
        "raccoon-bridge": "*",
        "trae-bridge": "*",
        "workbuddy-bridge": "*",
        "workbuddyai-bridge": "*"
      },
      "bin": {
        "model-bridge": "dist/cli.js"
      },
      "devDependencies": {
        "@types/node": "^22.10.0",
        "typescript": "^5.9.2"
      },
      "engines": {
        "node": ">=22.6"
      }
    },
    "packages/gateway": {
      "name": "@model-bridge/gateway",
      "version": "0.1.0",
      "license": "MIT",
      "devDependencies": {
        "@types/node": "^22.10.0",
        "typescript": "^5.9.2"
      },
      "engines": {
        "node": ">=22.6"
      }
    }
  }
}
